
Microsoft Visual Studio Solution File, Format Version 12.00
# Visual Studio Version 16
VisualStudioVersion = 16.0.31005.135
MinimumVisualStudioVersion = 10.0.40219.1
Project("{FAE04EC0-301F-11D3-BF4B-00C04F79EFBC}") = "ComputersUnivLab1", "ComputersUnivLab1\ComputersUnivLab1.csproj", "{0FADF09C-BFB6-4DB0-BA08-969CD7FF8062}"
EndProject
Global
	GlobalSection(SolutionConfigurationPlatforms) = preSolution
		Debug|Any CPU = Debug|Any CPU
		Release|Any CPU = Release|Any CPU
	EndGlobalSection
	GlobalSection(ProjectConfigurationPlatforms) = postSolution
		{0FADF09C-BFB6-4DB0-BA08-969CD7FF8062}.Debug|Any CPU.ActiveCfg = Debug|Any CPU
		{0FADF09C-BFB6-4DB0-BA08-969CD7FF8062}.Debug|Any CPU.Build.0 = Debug|Any CPU
		{0FADF09C-BFB6-4DB0-BA08-969CD7FF8062}.Release|Any CPU.ActiveCfg = Release|Any CPU
		{0FADF09C-BFB6-4DB0-BA08-969CD7FF8062}.Release|Any CPU.Build.0 = Release|Any CPU
	EndGlobalSection
	GlobalSection(SolutionProperties) = preSolution
		HideSolutionNode = FALSE
	EndGlobalSection
	GlobalSection(ExtensibilityGlobals) = postSolution
		SolutionGuid = {C39C78C3-DD8D-4E4A-A81D-E588140CE93F}
	EndGlobalSection
EndGlobal
